
Microsoft Visual Studio Solution File, Format Version 12.00
# Visual Studio 2012
Project("{FAE04EC0-301F-11D3-BF4B-00C04F79EFBC}") = "SimpleDDD", "SimpleDDD\SimpleDDD.csproj", "{7A6518E6-96E0-4BB5-BB99-B13049D2D015}"
EndProject
Project("{FAE04EC0-301F-11D3-BF4B-00C04F79EFBC}") = "SimpleDDD.Commands", "SimpleDDD.Commands\SimpleDDD.Commands.csproj", "{9930A624-6B66-4579-B317-F0A287C78154}"
EndProject
Project("{FAE04EC0-301F-11D3-BF4B-00C04F79EFBC}") = "SimpleDDD.Events", "SimpleDDD.Events\SimpleDDD.Events.csproj", "{44831842-152A-42BB-97D4-0251E0BD1367}"
EndProject
Project("{FAE04EC0-301F-11D3-BF4B-00C04F79EFBC}") = "SimpleDDD.Sample", "SimpleDDD.Sample\SimpleDDD.Sample.csproj", "{698C7C1B-0F88-458D-86AF-D307667572FA}"
EndProject
Project("{FAE04EC0-301F-11D3-BF4B-00C04F79EFBC}") = "SimpleDDD.Sample.Tests", "SimpleDDD.Sample.Tests\SimpleDDD.Sample.Tests.csproj", "{CE5A322D-C05C-461F-A4A5-B36B8340C0FE}"
EndProject
Project("{FAE04EC0-301F-11D3-BF4B-00C04F79EFBC}") = "SimpleDDD.Sample.CS", "SimpleDDD.Sample.CS\SimpleDDD.Sample.CS.csproj", "{8A540D5E-A4FF-40FC-A666-EAA91C5A8AD9}"
EndProject
Global
	GlobalSection(SolutionConfigurationPlatforms) = preSolution
		Debug|Any CPU = Debug|Any CPU
		Release|Any CPU = Release|Any CPU
	EndGlobalSection
	GlobalSection(ProjectConfigurationPlatforms) = postSolution
		{7A6518E6-96E0-4BB5-BB99-B13049D2D015}.Debug|Any CPU.ActiveCfg = Debug|Any CPU
		{7A6518E6-96E0-4BB5-BB99-B13049D2D015}.Debug|Any CPU.Build.0 = Debug|Any CPU
		{7A6518E6-96E0-4BB5-BB99-B13049D2D015}.Release|Any CPU.ActiveCfg = Release|Any CPU
		{7A6518E6-96E0-4BB5-BB99-B13049D2D015}.Release|Any CPU.Build.0 = Release|Any CPU
		{9930A624-6B66-4579-B317-F0A287C78154}.Debug|Any CPU.ActiveCfg = Debug|Any CPU
		{9930A624-6B66-4579-B317-F0A287C78154}.Debug|Any CPU.Build.0 = Debug|Any CPU
		{9930A624-6B66-4579-B317-F0A287C78154}.Release|Any CPU.ActiveCfg = Release|Any CPU
		{9930A624-6B66-4579-B317-F0A287C78154}.Release|Any CPU.Build.0 = Release|Any CPU
		{44831842-152A-42BB-97D4-0251E0BD1367}.Debug|Any CPU.ActiveCfg = Debug|Any CPU
		{44831842-152A-42BB-97D4-0251E0BD1367}.Debug|Any CPU.Build.0 = Debug|Any CPU
		{44831842-152A-42BB-97D4-0251E0BD1367}.Release|Any CPU.ActiveCfg = Release|Any CPU
		{44831842-152A-42BB-97D4-0251E0BD1367}.Release|Any CPU.Build.0 = Release|Any CPU
		{698C7C1B-0F88-458D-86AF-D307667572FA}.Debug|Any CPU.ActiveCfg = Debug|Any CPU
		{698C7C1B-0F88-458D-86AF-D307667572FA}.Debug|Any CPU.Build.0 = Debug|Any CPU
		{698C7C1B-0F88-458D-86AF-D307667572FA}.Release|Any CPU.ActiveCfg = Release|Any CPU
		{698C7C1B-0F88-458D-86AF-D307667572FA}.Release|Any CPU.Build.0 = Release|Any CPU
		{CE5A322D-C05C-461F-A4A5-B36B8340C0FE}.Debug|Any CPU.ActiveCfg = Debug|Any CPU
		{CE5A322D-C05C-461F-A4A5-B36B8340C0FE}.Debug|Any CPU.Build.0 = Debug|Any CPU
		{CE5A322D-C05C-461F-A4A5-B36B8340C0FE}.Release|Any CPU.ActiveCfg = Release|Any CPU
		{CE5A322D-C05C-461F-A4A5-B36B8340C0FE}.Release|Any CPU.Build.0 = Release|Any CPU
		{8A540D5E-A4FF-40FC-A666-EAA91C5A8AD9}.Debug|Any CPU.ActiveCfg = Debug|Any CPU
		{8A540D5E-A4FF-40FC-A666-EAA91C5A8AD9}.Debug|Any CPU.Build.0 = Debug|Any CPU
		{8A540D5E-A4FF-40FC-A666-EAA91C5A8AD9}.Release|Any CPU.ActiveCfg = Release|Any CPU
		{8A540D5E-A4FF-40FC-A666-EAA91C5A8AD9}.Release|Any CPU.Build.0 = Release|Any CPU
	EndGlobalSection
	GlobalSection(SolutionProperties) = preSolution
		HideSolutionNode = FALSE
	EndGlobalSection
EndGlobal
